
Microsoft Visual Studio Solution File, Format Version 12.00
# Visual Studio 15
VisualStudioVersion = 15.0.27428.2002
MinimumVisualStudioVersion = 10.0.40219.1
Project("{FAE04EC0-301F-11D3-BF4B-00C04F79EFBC}") = "CinemaAddMultiple", "CinemaAddMultiple\CinemaAddMultiple.csproj", "{AA8F35E0-6571-42CC-AD9D-5AE6FF1028B6}"
EndProject
Global
	GlobalSection(SolutionConfigurationPlatforms) = preSolution
		Debug|Any CPU = Debug|Any CPU
		Release|Any CPU = Release|Any CPU
	EndGlobalSection
	GlobalSection(ProjectConfigurationPlatforms) = postSolution
		{AA8F35E0-6571-42CC-AD9D-5AE6FF1028B6}.Debug|Any CPU.ActiveCfg = Debug|Any CPU
		{AA8F35E0-6571-42CC-AD9D-5AE6FF1028B6}.Debug|Any CPU.Build.0 = Debug|Any CPU
		{AA8F35E0-6571-42CC-AD9D-5AE6FF1028B6}.Release|Any CPU.ActiveCfg = Release|Any CPU
		{AA8F35E0-6571-42CC-AD9D-5AE6FF1028B6}.Release|Any CPU.Build.0 = Release|Any CPU
	EndGlobalSection
	GlobalSection(SolutionProperties) = preSolution
		HideSolutionNode = FALSE
	EndGlobalSection
	GlobalSection(ExtensibilityGlobals) = postSolution
		SolutionGuid = {3CDF25E9-E6D0-42BE-8786-D36E893D13A4}
	EndGlobalSection
EndGlobal
